<?xml version="1.0" encoding="UTF-8" standalone="yes" ?>
<CodeBlocks_project_file>
	<FileVersion major="1" minor="6" />
	<Project>
		<Option title="SpaceT" />
		<Option makefile="makefile" />
		<Option pch_mode="2" />
		<Option compiler="gcc" />
		<Build>
			<Target title="Debug">
				<Option output="bin/Debug/SpaceT" prefix_auto="1" extension_auto="1" />
				<Option object_output="obj/Debug/" />
				<Option type="1" />
				<Option compiler="gcc" />
				<Compiler>
					<Add option="-std=c++11" />
					<Add option="-g" />
				</Compiler>
				<Linker>
					<Add library="sfml-graphics-s-d" />
					<Add library="sfml-window-s-d" />
					<Add library="sfml-system-s-d" />
					<Add library="opengl32" />
					<Add library="freetype" />
					<Add library="jpeg" />
					<Add library="gdi32" />
					<Add library="winmm" />
				</Linker>
			</Target>
			<Target title="Release">
				<Option output="bin/Release/SpaceT" prefix_auto="1" extension_auto="1" />
				<Option object_output="obj/Release/" />
				<Option type="0" />
				<Option compiler="gcc" />
				<Compiler>
					<Add option="-O2" />
				</Compiler>
				<Linker>
					<Add option="-s" />
					<Add library="sfml-graphics-s" />
					<Add library="sfml-window-s" />
					<Add library="sfml-system-s" />
					<Add library="opengl32" />
					<Add library="freetype" />
					<Add library="jpeg" />
					<Add library="gdi32" />
					<Add library="winmm" />
				</Linker>
			</Target>
			<Target title="linux-debug">
				<Option platforms="Unix;" />
				<Option output="SpaceT" prefix_auto="1" extension_auto="1" />
				<Option type="1" />
				<Option compiler="gcc" />
				<Compiler>
					<Add option="-g" />
					<Add directory="../c++_libs/SFML-2.3.2-source/include" />
				</Compiler>
				<Linker>
					<Add library="sfml-graphics" />
					<Add library="sfml-window" />
					<Add library="sfml-system" />
					<Add directory="../c++_libs/SFML-2.3.2-source/lib" />
				</Linker>
			</Target>
			<Target title="linux-release">
				<Option platforms="Unix;" />
				<Option output="SpaceT" prefix_auto="1" extension_auto="1" />
				<Option type="0" />
				<Option compiler="gcc" />
				<Compiler>
					<Add directory="../c++_libs/SFML-2.3.2-source/include" />
				</Compiler>
				<Linker>
					<Add library="sfml-graphics" />
					<Add library="sfml-window" />
					<Add library="sfml-system" />
					<Add directory="../c++_libs/SFML-2.3.2-source/lib" />
				</Linker>
			</Target>
		</Build>
		<Compiler>
			<Add option="-Wall" />
			<Add option="-std=c++11" />
			<Add option="-DSFML_STATIC" />
			<Add directory="include" />
		</Compiler>
		<ExtraCommands>
			<Add after="$(PROJECT_DIR)Update_Docs" />
		</ExtraCommands>
		<Unit filename="include/main.h" />
		<Unit filename="include/space_invaders/bullet.h" />
		<Unit filename="include/space_invaders/bullets/pBullet.hpp" />
		<Unit filename="include/space_invaders/enemy.h" />
		<Unit filename="include/space_invaders/player.h" />
		<Unit filename="include/space_invaders/spaceInvManager.h" />
		<Unit filename="include/space_invaders/textureManager.h" />
		<Unit filename="include/tetris/Enums.h" />
		<Unit filename="include/tetris/Manager.h" />
		<Unit filename="include/tetris/Renderer.h" />
		<Unit filename="include/tetris/Tetrimino.h" />
		<Unit filename="include/tetris/Text.h" />
		<Unit filename="include/tetris/Well.h" />
		<Unit filename="src/main.cpp" />
		<Unit filename="src/space_invaders/bullet.cpp" />
		<Unit filename="src/space_invaders/bullets/pBullet.cpp" />
		<Unit filename="src/space_invaders/enemy.cpp" />
		<Unit filename="src/space_invaders/player.cpp" />
		<Unit filename="src/space_invaders/spaceInvManager.cpp" />
		<Unit filename="src/tetris/Manager.cpp" />
		<Unit filename="src/tetris/Renderer.cpp" />
		<Unit filename="src/tetris/Tetrimino.cpp" />
		<Unit filename="src/tetris/Text.cpp" />
		<Unit filename="src/tetris/Well.cpp" />
		<Extensions>
			<code_completion />
			<debugger />
			<envvars />
		</Extensions>
	</Project>
</CodeBlocks_project_file>
